// !$*UTF8*$!
{
	archiveVersion = 1;
	classes = {
	};
	objectVersion = 48;
	objects = {

/* Begin PBXBuildFile section */
		A8256E7410E7C6763ECE2564 /* Pods_MyMemory.framework in Frameworks */ = {isa = PBXBuildFile; fileRef = 5DD307187D7ED884F2FE6ED5 /* Pods_MyMemory.framework */; };
		E50308FF20E2A26300B3EE1C /* CSLogButton.swift in Sources */ = {isa = PBXBuildFile; fileRef = E50308FE20E2A26300B3EE1C /* CSLogButton.swift */; };
		E503090120E2A35D00B3EE1C /* button-bg.png in Resources */ = {isa = PBXBuildFile; fileRef = E503090020E2A35D00B3EE1C /* button-bg.png */; };
		E503090420E2A4F600B3EE1C /* memo-background@2x.png in Resources */ = {isa = PBXBuildFile; fileRef = E503090220E2A4F500B3EE1C /* memo-background@2x.png */; };
		E503090520E2A4F600B3EE1C /* warning-icon-60@2x.png in Resources */ = {isa = PBXBuildFile; fileRef = E503090320E2A4F600B3EE1C /* warning-icon-60@2x.png */; };
		E5222E5920FA4721006FADC3 /* page1.png in Resources */ = {isa = PBXBuildFile; fileRef = E5222E5120FA4720006FADC3 /* page1.png */; };
		E5222E5A20FA4721006FADC3 /* page2.png in Resources */ = {isa = PBXBuildFile; fileRef = E5222E5220FA4720006FADC3 /* page2.png */; };
		E5222E5B20FA4721006FADC3 /* page0.png in Resources */ = {isa = PBXBuildFile; fileRef = E5222E5320FA4720006FADC3 /* page0.png */; };
		E5222E5C20FA4721006FADC3 /* page3@2x.png in Resources */ = {isa = PBXBuildFile; fileRef = E5222E5420FA4720006FADC3 /* page3@2x.png */; };
		E5222E5D20FA4721006FADC3 /* page3.png in Resources */ = {isa = PBXBuildFile; fileRef = E5222E5520FA4721006FADC3 /* page3.png */; };
		E5222E5E20FA4721006FADC3 /* page0@2x.png in Resources */ = {isa = PBXBuildFile; fileRef = E5222E5620FA4721006FADC3 /* page0@2x.png */; };
		E5222E5F20FA4721006FADC3 /* page1@2x.png in Resources */ = {isa = PBXBuildFile; fileRef = E5222E5720FA4721006FADC3 /* page1@2x.png */; };
		E5222E6020FA4721006FADC3 /* page2@2x.png in Resources */ = {isa = PBXBuildFile; fileRef = E5222E5820FA4721006FADC3 /* page2@2x.png */; };
		E5222E6220FA479C006FADC3 /* UserInfoManager.swift in Sources */ = {isa = PBXBuildFile; fileRef = E5222E6120FA479C006FADC3 /* UserInfoManager.swift */; };
		E5222E6420FBAA0A006FADC3 /* Tutorial.storyboard in Resources */ = {isa = PBXBuildFile; fileRef = E5222E6320FBAA0A006FADC3 /* Tutorial.storyboard */; };
		E5222E6620FCCD1C006FADC3 /* Utils.swift in Sources */ = {isa = PBXBuildFile; fileRef = E5222E6520FCCD1C006FADC3 /* Utils.swift */; };
		E5222E6820FCD080006FADC3 /* TutorialContentsVC.swift in Sources */ = {isa = PBXBuildFile; fileRef = E5222E6720FCD080006FADC3 /* TutorialContentsVC.swift */; };
		E5222E6A20FCD234006FADC3 /* TutorialMasterVC.swift in Sources */ = {isa = PBXBuildFile; fileRef = E5222E6920FCD234006FADC3 /* TutorialMasterVC.swift */; };
		E53C7F0E21305C1D00668F6D /* Assets.xcassets in Resources */ = {isa = PBXBuildFile; fileRef = E53C7F0D21305C1D00668F6D /* Assets.xcassets */; };
		E53C7F102130621D00668F6D /* JoinVC.swift in Sources */ = {isa = PBXBuildFile; fileRef = E53C7F0F2130621D00668F6D /* JoinVC.swift */; };
		E54B97411FD184640075706C /* AppDelegate.swift in Sources */ = {isa = PBXBuildFile; fileRef = E54B97401FD184640075706C /* AppDelegate.swift */; };
		E54B97431FD184640075706C /* ViewController.swift in Sources */ = {isa = PBXBuildFile; fileRef = E54B97421FD184640075706C /* ViewController.swift */; };
		E54B97461FD184640075706C /* Main.storyboard in Resources */ = {isa = PBXBuildFile; fileRef = E54B97441FD184640075706C /* Main.storyboard */; };
		E54B97491FD184640075706C /* MyMemory.xcdatamodeld in Sources */ = {isa = PBXBuildFile; fileRef = E54B97471FD184640075706C /* MyMemory.xcdatamodeld */; };
		E54B974E1FD184640075706C /* LaunchScreen.storyboard in Resources */ = {isa = PBXBuildFile; fileRef = E54B974C1FD184640075706C /* LaunchScreen.storyboard */; };
		E57AAB212114BBCE00DD65A8 /* MemoDAO.swift in Sources */ = {isa = PBXBuildFile; fileRef = E57AAB202114BBCE00DD65A8 /* MemoDAO.swift */; };
		E5935FD820EA580100D679B6 /* SWRevealViewController.m in Sources */ = {isa = PBXBuildFile; fileRef = E5935FD720EA580100D679B6 /* SWRevealViewController.m */; };
		E5935FE120EA584900D679B6 /* account@2x.jpg in Resources */ = {isa = PBXBuildFile; fileRef = E5935FD920EA584800D679B6 /* account@2x.jpg */; };
		E5935FE220EA584900D679B6 /* icon05.png in Resources */ = {isa = PBXBuildFile; fileRef = E5935FDA20EA584800D679B6 /* icon05.png */; };
		E5935FE320EA584900D679B6 /* icon06.png in Resources */ = {isa = PBXBuildFile; fileRef = E5935FDB20EA584800D679B6 /* icon06.png */; };
		E5935FE420EA584900D679B6 /* profile-bg.png in Resources */ = {isa = PBXBuildFile; fileRef = E5935FDC20EA584800D679B6 /* profile-bg.png */; };
		E5935FE520EA584900D679B6 /* icon02.png in Resources */ = {isa = PBXBuildFile; fileRef = E5935FDD20EA584800D679B6 /* icon02.png */; };
		E5935FE620EA584900D679B6 /* icon01.png in Resources */ = {isa = PBXBuildFile; fileRef = E5935FDE20EA584900D679B6 /* icon01.png */; };
		E5935FE720EA584900D679B6 /* icon03.png in Resources */ = {isa = PBXBuildFile; fileRef = E5935FDF20EA584900D679B6 /* icon03.png */; };
		E5935FE820EA584900D679B6 /* icon04.png in Resources */ = {isa = PBXBuildFile; fileRef = E5935FE020EA584900D679B6 /* icon04.png */; };
		E5935FEA20EA59F900D679B6 /* sidemenu.png in Resources */ = {isa = PBXBuildFile; fileRef = E5935FE920EA59F900D679B6 /* sidemenu.png */; };
		E5935FEC20EA5E0C00D679B6 /* SideBarVC.swift in Sources */ = {isa = PBXBuildFile; fileRef = E5935FEB20EA5E0C00D679B6 /* SideBarVC.swift */; };
		E5935FEE20EA65BC00D679B6 /* ProfileVC.swift in Sources */ = {isa = PBXBuildFile; fileRef = E5935FED20EA65BC00D679B6 /* ProfileVC.swift */; };
		E599E9E31FF11CB6004FB430 /* fountainpen@2x.png in Resources */ = {isa = PBXBuildFile; fileRef = E599E9E21FF11CB6004FB430 /* fountainpen@2x.png */; };
		E5CF245F1FD19F2700910C8A /* MemoListVC.swift in Sources */ = {isa = PBXBuildFile; fileRef = E5CF245E1FD19F2700910C8A /* MemoListVC.swift */; };
		E5CF24651FD19FBF00910C8A /* MemoFormVC.swift in Sources */ = {isa = PBXBuildFile; fileRef = E5CF24641FD19FBF00910C8A /* MemoFormVC.swift */; };
		E5CF24671FD19FD800910C8A /* MemoReadVC.swift in Sources */ = {isa = PBXBuildFile; fileRef = E5CF24661FD19FD800910C8A /* MemoReadVC.swift */; };
		E5CF24691FD19FF000910C8A /* MemoCell.swift in Sources */ = {isa = PBXBuildFile; fileRef = E5CF24681FD19FF000910C8A /* MemoCell.swift */; };
		E5CF246B1FD1A06400910C8A /* MemoData.swift in Sources */ = {isa = PBXBuildFile; fileRef = E5CF246A1FD1A06400910C8A /* MemoData.swift */; };
/* End PBXBuildFile section */

/* Begin PBXFileReference section */
		5DD307187D7ED884F2FE6ED5 /* Pods_MyMemory.framework */ = {isa = PBXFileReference; explicitFileType = wrapper.framework; includeInIndex = 0; path = Pods_MyMemory.framework; sourceTree = BUILT_PRODUCTS_DIR; };
		89C5B219CA8AD8F37E37F6A8 /* Pods-MyMemory.release.xcconfig */ = {isa = PBXFileReference; includeInIndex = 1; lastKnownFileType = text.xcconfig; name = "Pods-MyMemory.release.xcconfig"; path = "Pods/Target Support Files/Pods-MyMemory/Pods-MyMemory.release.xcconfig"; sourceTree = "<group>"; };
		94FD41FD117D9B91FB3E923E /* Pods-MyMemory.debug.xcconfig */ = {isa = PBXFileReference; includeInIndex = 1; lastKnownFileType = text.xcconfig; name = "Pods-MyMemory.debug.xcconfig"; path = "Pods/Target Support Files/Pods-MyMemory/Pods-MyMemory.debug.xcconfig"; sourceTree = "<group>"; };
		E50308FE20E2A26300B3EE1C /* CSLogButton.swift */ = {isa = PBXFileReference; lastKnownFileType = sourcecode.swift; path = CSLogButton.swift; sourceTree = "<group>"; };
		E503090020E2A35D00B3EE1C /* button-bg.png */ = {isa = PBXFileReference; lastKnownFileType = image.png; path = "button-bg.png"; sourceTree = "<group>"; };
		E503090220E2A4F500B3EE1C /* memo-background@2x.png */ = {isa = PBXFileReference; lastKnownFileType = image.png; path = "memo-background@2x.png"; sourceTree = "<group>"; };
		E503090320E2A4F600B3EE1C /* warning-icon-60@2x.png */ = {isa = PBXFileReference; lastKnownFileType = image.png; path = "warning-icon-60@2x.png"; sourceTree = "<group>"; };
		E5222E5120FA4720006FADC3 /* page1.png */ = {isa = PBXFileReference; lastKnownFileType = image.png; path = page1.png; sourceTree = "<group>"; };
		E5222E5220FA4720006FADC3 /* page2.png */ = {isa = PBXFileReference; lastKnownFileType = image.png; path = page2.png; sourceTree = "<group>"; };
		E5222E5320FA4720006FADC3 /* page0.png */ = {isa = PBXFileReference; lastKnownFileType = image.png; path = page0.png; sourceTree = "<group>"; };
		E5222E5420FA4720006FADC3 /* page3@2x.png */ = {isa = PBXFileReference; lastKnownFileType = image.png; path = "page3@2x.png"; sourceTree = "<group>"; };
		E5222E5520FA4721006FADC3 /* page3.png */ = {isa = PBXFileReference; lastKnownFileType = image.png; path = page3.png; sourceTree = "<group>"; };
		E5222E5620FA4721006FADC3 /* page0@2x.png */ = {isa = PBXFileReference; lastKnownFileType = image.png; path = "page0@2x.png"; sourceTree = "<group>"; };
		E5222E5720FA4721006FADC3 /* page1@2x.png */ = {isa = PBXFileReference; lastKnownFileType = image.png; path = "page1@2x.png"; sourceTree = "<group>"; };
		E5222E5820FA4721006FADC3 /* page2@2x.png */ = {isa = PBXFileReference; lastKnownFileType = image.png; path = "page2@2x.png"; sourceTree = "<group>"; };
		E5222E6120FA479C006FADC3 /* UserInfoManager.swift */ = {isa = PBXFileReference; lastKnownFileType = sourcecode.swift; path = UserInfoManager.swift; sourceTree = "<group>"; };
		E5222E6320FBAA0A006FADC3 /* Tutorial.storyboard */ = {isa = PBXFileReference; lastKnownFileType = file.storyboard; path = Tutorial.storyboard; sourceTree = "<group>"; };
		E5222E6520FCCD1C006FADC3 /* Utils.swift */ = {isa = PBXFileReference; lastKnownFileType = sourcecode.swift; path = Utils.swift; sourceTree = "<group>"; };
		E5222E6720FCD080006FADC3 /* TutorialContentsVC.swift */ = {isa = PBXFileReference; lastKnownFileType = sourcecode.swift; path = TutorialContentsVC.swift; sourceTree = "<group>"; };
		E5222E6920FCD234006FADC3 /* TutorialMasterVC.swift */ = {isa = PBXFileReference; lastKnownFileType = sourcecode.swift; path = TutorialMasterVC.swift; sourceTree = "<group>"; };
		E53C7F0D21305C1D00668F6D /* Assets.xcassets */ = {isa = PBXFileReference; lastKnownFileType = folder.assetcatalog; path = Assets.xcassets; sourceTree = "<group>"; };
		E53C7F0F2130621D00668F6D /* JoinVC.swift */ = {isa = PBXFileReference; lastKnownFileType = sourcecode.swift; path = JoinVC.swift; sourceTree = "<group>"; };
		E54B973D1FD184640075706C /* MyMemory.app */ = {isa = PBXFileReference; explicitFileType = wrapper.application; includeInIndex = 0; path = MyMemory.app; sourceTree = BUILT_PRODUCTS_DIR; };
		E54B97401FD184640075706C /* AppDelegate.swift */ = {isa = PBXFileReference; lastKnownFileType = sourcecode.swift; path = AppDelegate.swift; sourceTree = "<group>"; };
		E54B97421FD184640075706C /* ViewController.swift */ = {isa = PBXFileReference; lastKnownFileType = sourcecode.swift; path = ViewController.swift; sourceTree = "<group>"; };
		E54B97451FD184640075706C /* Base */ = {isa = PBXFileReference; lastKnownFileType = file.storyboard; name = Base; path = Base.lproj/Main.storyboard; sourceTree = "<group>"; };
		E54B97481FD184640075706C /* MyMemory.xcdatamodel */ = {isa = PBXFileReference; lastKnownFileType = wrapper.xcdatamodel; path = MyMemory.xcdatamodel; sourceTree = "<group>"; };
		E54B974D1FD184640075706C /* Base */ = {isa = PBXFileReference; lastKnownFileType = file.storyboard; name = Base; path = Base.lproj/LaunchScreen.storyboard; sourceTree = "<group>"; };
		E54B974F1FD184640075706C /* Info.plist */ = {isa = PBXFileReference; lastKnownFileType = text.plist.xml; path = Info.plist; sourceTree = "<group>"; };
		E57AAB202114BBCE00DD65A8 /* MemoDAO.swift */ = {isa = PBXFileReference; lastKnownFileType = sourcecode.swift; path = MemoDAO.swift; sourceTree = "<group>"; };
		E5935FD520EA57FF00D679B6 /* MyMemory-Bridging-Header.h */ = {isa = PBXFileReference; lastKnownFileType = sourcecode.c.h; path = "MyMemory-Bridging-Header.h"; sourceTree = "<group>"; };
		E5935FD620EA580000D679B6 /* SWRevealViewController.h */ = {isa = PBXFileReference; fileEncoding = 4; lastKnownFileType = sourcecode.c.h; path = SWRevealViewController.h; sourceTree = "<group>"; };
		E5935FD720EA580100D679B6 /* SWRevealViewController.m */ = {isa = PBXFileReference; fileEncoding = 4; lastKnownFileType = sourcecode.c.objc; path = SWRevealViewController.m; sourceTree = "<group>"; };
		E5935FD920EA584800D679B6 /* account@2x.jpg */ = {isa = PBXFileReference; lastKnownFileType = image.jpeg; path = "account@2x.jpg"; sourceTree = "<group>"; };
		E5935FDA20EA584800D679B6 /* icon05.png */ = {isa = PBXFileReference; lastKnownFileType = image.png; path = icon05.png; sourceTree = "<group>"; };
		E5935FDB20EA584800D679B6 /* icon06.png */ = {isa = PBXFileReference; lastKnownFileType = image.png; path = icon06.png; sourceTree = "<group>"; };
		E5935FDC20EA584800D679B6 /* profile-bg.png */ = {isa = PBXFileReference; lastKnownFileType = image.png; path = "profile-bg.png"; sourceTree = "<group>"; };
		E5935FDD20EA584800D679B6 /* icon02.png */ = {isa = PBXFileReference; lastKnownFileType = image.png; path = icon02.png; sourceTree = "<group>"; };
		E5935FDE20EA584900D679B6 /* icon01.png */ = {isa = PBXFileReference; lastKnownFileType = image.png; path = icon01.png; sourceTree = "<group>"; };
		E5935FDF20EA584900D679B6 /* icon03.png */ = {isa = PBXFileReference; lastKnownFileType = image.png; path = icon03.png; sourceTree = "<group>"; };
		E5935FE020EA584900D679B6 /* icon04.png */ = {isa = PBXFileReference; lastKnownFileType = image.png; path = icon04.png; sourceTree = "<group>"; };
		E5935FE920EA59F900D679B6 /* sidemenu.png */ = {isa = PBXFileReference; lastKnownFileType = image.png; path = sidemenu.png; sourceTree = "<group>"; };
		E5935FEB20EA5E0C00D679B6 /* SideBarVC.swift */ = {isa = PBXFileReference; lastKnownFileType = sourcecode.swift; path = SideBarVC.swift; sourceTree = "<group>"; };
		E5935FED20EA65BC00D679B6 /* ProfileVC.swift */ = {isa = PBXFileReference; lastKnownFileType = sourcecode.swift; path = ProfileVC.swift; sourceTree = "<group>"; };
		E599E9E21FF11CB6004FB430 /* fountainpen@2x.png */ = {isa = PBXFileReference; lastKnownFileType = image.png; path = "fountainpen@2x.png"; sourceTree = "<group>"; };
		E5CF245E1FD19F2700910C8A /* MemoListVC.swift */ = {isa = PBXFileReference; lastKnownFileType = sourcecode.swift; path = MemoListVC.swift; sourceTree = "<group>"; };
		E5CF24641FD19FBF00910C8A /* MemoFormVC.swift */ = {isa = PBXFileReference; lastKnownFileType = sourcecode.swift; path = MemoFormVC.swift; sourceTree = "<group>"; };
		E5CF24661FD19FD800910C8A /* MemoReadVC.swift */ = {isa = PBXFileReference; lastKnownFileType = sourcecode.swift; path = MemoReadVC.swift; sourceTree = "<group>"; };
		E5CF24681FD19FF000910C8A /* MemoCell.swift */ = {isa = PBXFileReference; lastKnownFileType = sourcecode.swift; path = MemoCell.swift; sourceTree = "<group>"; };
		E5CF246A1FD1A06400910C8A /* MemoData.swift */ = {isa = PBXFileReference; lastKnownFileType = sourcecode.swift; path = MemoData.swift; sourceTree = "<group>"; };
/* End PBXFileReference section */

/* Begin PBXFrameworksBuildPhase section */
		E54B973A1FD184640075706C /* Frameworks */ = {
			isa = PBXFrameworksBuildPhase;
			buildActionMask = 2147483647;
			files = (
				A8256E7410E7C6763ECE2564 /* Pods_MyMemory.framework in Frameworks */,
			);
			runOnlyForDeploymentPostprocessing = 0;
		};
/* End PBXFrameworksBuildPhase section */

/* Begin PBXGroup section */
		5CAFFB676A4919D80DD7D586 /* Frameworks */ = {
			isa = PBXGroup;
			children = (
				5DD307187D7ED884F2FE6ED5 /* Pods_MyMemory.framework */,
			);
			name = Frameworks;
			sourceTree = "<group>";
		};
		B18AEE01843210D2D2DF4365 /* Pods */ = {
			isa = PBXGroup;
			children = (
				94FD41FD117D9B91FB3E923E /* Pods-MyMemory.debug.xcconfig */,
				89C5B219CA8AD8F37E37F6A8 /* Pods-MyMemory.release.xcconfig */,
			);
			name = Pods;
			sourceTree = "<group>";
		};
		E54B97341FD184640075706C = {
			isa = PBXGroup;
			children = (
				E599E9E41FF11CBB004FB430 /* Resources */,
				E54B973F1FD184640075706C /* MyMemory */,
				E54B973E1FD184640075706C /* Products */,
				B18AEE01843210D2D2DF4365 /* Pods */,
				5CAFFB676A4919D80DD7D586 /* Frameworks */,
			);
			sourceTree = "<group>";
		};
		E54B973E1FD184640075706C /* Products */ = {
			isa = PBXGroup;
			children = (
				E54B973D1FD184640075706C /* MyMemory.app */,
			);
			name = Products;
			sourceTree = "<group>";
		};
		E54B973F1FD184640075706C /* MyMemory */ = {
			isa = PBXGroup;
			children = (
				E5935FD620EA580000D679B6 /* SWRevealViewController.h */,
				E5222E6520FCCD1C006FADC3 /* Utils.swift */,
				E5935FD720EA580100D679B6 /* SWRevealViewController.m */,
				E54B97401FD184640075706C /* AppDelegate.swift */,
				E54B97421FD184640075706C /* ViewController.swift */,
				E54B97441FD184640075706C /* Main.storyboard */,
				E5222E6320FBAA0A006FADC3 /* Tutorial.storyboard */,
				E50308FE20E2A26300B3EE1C /* CSLogButton.swift */,
				E54B974C1FD184640075706C /* LaunchScreen.storyboard */,
				E54B974F1FD184640075706C /* Info.plist */,
				E53C7F0D21305C1D00668F6D /* Assets.xcassets */,
				E54B97471FD184640075706C /* MyMemory.xcdatamodeld */,
				E5CF245E1FD19F2700910C8A /* MemoListVC.swift */,
				E5CF24641FD19FBF00910C8A /* MemoFormVC.swift */,
				E5CF24661FD19FD800910C8A /* MemoReadVC.swift */,
				E5CF24681FD19FF000910C8A /* MemoCell.swift */,
				E5CF246A1FD1A06400910C8A /* MemoData.swift */,
				E5935FD520EA57FF00D679B6 /* MyMemory-Bridging-Header.h */,
				E5935FEB20EA5E0C00D679B6 /* SideBarVC.swift */,
				E5935FED20EA65BC00D679B6 /* ProfileVC.swift */,
				E5222E6120FA479C006FADC3 /* UserInfoManager.swift */,
				E5222E6720FCD080006FADC3 /* TutorialContentsVC.swift */,
				E5222E6920FCD234006FADC3 /* TutorialMasterVC.swift */,
				E57AAB202114BBCE00DD65A8 /* MemoDAO.swift */,
				E53C7F0F2130621D00668F6D /* JoinVC.swift */,
			);
			path = MyMemory;
			sourceTree = "<group>";
		};
		E599E9E41FF11CBB004FB430 /* Resources */ = {
			isa = PBXGroup;
			children = (
				E5222E5320FA4720006FADC3 /* page0.png */,
				E5222E5620FA4721006FADC3 /* page0@2x.png */,
				E5222E5120FA4720006FADC3 /* page1.png */,
				E5222E5720FA4721006FADC3 /* page1@2x.png */,
				E5222E5220FA4720006FADC3 /* page2.png */,
				E5222E5820FA4721006FADC3 /* page2@2x.png */,
				E5222E5520FA4721006FADC3 /* page3.png */,
				E5222E5420FA4720006FADC3 /* page3@2x.png */,
				E5935FD920EA584800D679B6 /* account@2x.jpg */,
				E5935FE920EA59F900D679B6 /* sidemenu.png */,
				E5935FDE20EA584900D679B6 /* icon01.png */,
				E5935FDD20EA584800D679B6 /* icon02.png */,
				E5935FDF20EA584900D679B6 /* icon03.png */,
				E5935FE020EA584900D679B6 /* icon04.png */,
				E5935FDA20EA584800D679B6 /* icon05.png */,
				E5935FDB20EA584800D679B6 /* icon06.png */,
				E5935FDC20EA584800D679B6 /* profile-bg.png */,
				E503090220E2A4F500B3EE1C /* memo-background@2x.png */,
				E503090320E2A4F600B3EE1C /* warning-icon-60@2x.png */,
				E503090020E2A35D00B3EE1C /* button-bg.png */,
				E599E9E21FF11CB6004FB430 /* fountainpen@2x.png */,
			);
			path = Resources;
			sourceTree = "<group>";
		};
/* End PBXGroup section */

/* Begin PBXNativeTarget section */
		E54B973C1FD184640075706C /* MyMemory */ = {
			isa = PBXNativeTarget;
			buildConfigurationList = E54B97521FD184640075706C /* Build configuration list for PBXNativeTarget "MyMemory" */;
			buildPhases = (
				912572AC77979B473E33E8E9 /* [CP] Check Pods Manifest.lock */,
				E54B97391FD184640075706C /* Sources */,
				E54B973A1FD184640075706C /* Frameworks */,
				E54B973B1FD184640075706C /* Resources */,
				7F68A25DC4B12DB3DF0EABDA /* [CP] Embed Pods Frameworks */,
			);
			buildRules = (
			);
			dependencies = (
			);
			name = MyMemory;
			productName = MyMemory;
			productReference = E54B973D1FD184640075706C /* MyMemory.app */;
			productType = "com.apple.product-type.application";
		};
/* End PBXNativeTarget section */

/* Begin PBXProject section */
		E54B97351FD184640075706C /* Project object */ = {
			isa = PBXProject;
			attributes = {
				LastSwiftUpdateCheck = 0910;
				LastUpgradeCheck = 0910;
				ORGANIZATIONNAME = "Jonghwi Lee";
				TargetAttributes = {
					E54B973C1FD184640075706C = {
						CreatedOnToolsVersion = 9.1;
						LastSwiftMigration = 0920;
						ProvisioningStyle = Automatic;
					};
				};
			};
			buildConfigurationList = E54B97381FD184640075706C /* Build configuration list for PBXProject "MyMemory" */;
			compatibilityVersion = "Xcode 8.0";
			developmentRegion = en;
			hasScannedForEncodings = 0;
			knownRegions = (
				en,
				Base,
			);
			mainGroup = E54B97341FD184640075706C;
			productRefGroup = E54B973E1FD184640075706C /* Products */;
			projectDirPath = "";
			projectRoot = "";
			targets = (
				E54B973C1FD184640075706C /* MyMemory */,
			);
		};
/* End PBXProject section */

/* Begin PBXResourcesBuildPhase section */
		E54B973B1FD184640075706C /* Resources */ = {
			isa = PBXResourcesBuildPhase;
			buildActionMask = 2147483647;
			files = (
				E5222E6420FBAA0A006FADC3 /* Tutorial.storyboard in Resources */,
				E5222E6020FA4721006FADC3 /* page2@2x.png in Resources */,
				E54B974E1FD184640075706C /* LaunchScreen.storyboard in Resources */,
				E5935FE220EA584900D679B6 /* icon05.png in Resources */,
				E503090120E2A35D00B3EE1C /* button-bg.png in Resources */,
				E5935FE520EA584900D679B6 /* icon02.png in Resources */,
				E5222E5C20FA4721006FADC3 /* page3@2x.png in Resources */,
				E5222E5A20FA4721006FADC3 /* page2.png in Resources */,
				E5222E5F20FA4721006FADC3 /* page1@2x.png in Resources */,
				E5935FE320EA584900D679B6 /* icon06.png in Resources */,
				E5935FE620EA584900D679B6 /* icon01.png in Resources */,
				E599E9E31FF11CB6004FB430 /* fountainpen@2x.png in Resources */,
				E5935FE120EA584900D679B6 /* account@2x.jpg in Resources */,
				E5935FEA20EA59F900D679B6 /* sidemenu.png in Resources */,
				E5935FE720EA584900D679B6 /* icon03.png in Resources */,
				E5222E5920FA4721006FADC3 /* page1.png in Resources */,
				E5222E5B20FA4721006FADC3 /* page0.png in Resources */,
				E5935FE420EA584900D679B6 /* profile-bg.png in Resources */,
				E503090420E2A4F600B3EE1C /* memo-background@2x.png in Resources */,
				E54B97461FD184640075706C /* Main.storyboard in Resources */,
				E5222E5E20FA4721006FADC3 /* page0@2x.png in Resources */,
				E503090520E2A4F600B3EE1C /* warning-icon-60@2x.png in Resources */,
				E5935FE820EA584900D679B6 /* icon04.png in Resources */,
				E5222E5D20FA4721006FADC3 /* page3.png in Resources */,
				E53C7F0E21305C1D00668F6D /* Assets.xcassets in Resources */,
			);
			runOnlyForDeploymentPostprocessing = 0;
		};
/* End PBXResourcesBuildPhase section */

/* Begin PBXShellScriptBuildPhase section */
		7F68A25DC4B12DB3DF0EABDA /* [CP] Embed Pods Frameworks */ = {
			isa = PBXShellScriptBuildPhase;
			buildActionMask = 2147483647;
			files = (
			);
			inputPaths = (
				"${SRCROOT}/Pods/Target Support Files/Pods-MyMemory/Pods-MyMemory-frameworks.sh",
				"${BUILT_PRODUCTS_DIR}/Alamofire/Alamofire.framework",
			);
			name = "[CP] Embed Pods Frameworks";
			outputPaths = (
				"${TARGET_BUILD_DIR}/${FRAMEWORKS_FOLDER_PATH}/Alamofire.framework",
			);
			runOnlyForDeploymentPostprocessing = 0;
			shellPath = /bin/sh;
			shellScript = "\"${SRCROOT}/Pods/Target Support Files/Pods-MyMemory/Pods-MyMemory-frameworks.sh\"\n";
			showEnvVarsInLog = 0;
		};
		912572AC77979B473E33E8E9 /* [CP] Check Pods Manifest.lock */ = {
			isa = PBXShellScriptBuildPhase;
			buildActionMask = 2147483647;
			files = (
			);
			inputPaths = (
				"${PODS_PODFILE_DIR_PATH}/Podfile.lock",
				"${PODS_ROOT}/Manifest.lock",
			);
			name = "[CP] Check Pods Manifest.lock";
			outputPaths = (
				"$(DERIVED_FILE_DIR)/Pods-MyMemory-checkManifestLockResult.txt",
			);
			runOnlyForDeploymentPostprocessing = 0;
			shellPath = /bin/sh;
			shellScript = "diff \"${PODS_PODFILE_DIR_PATH}/Podfile.lock\" \"${PODS_ROOT}/Manifest.lock\" > /dev/null\nif [ $? != 0 ] ; then\n    # print error to STDERR\n    echo \"error: The sandbox is not in sync with the Podfile.lock. Run 'pod install' or update your CocoaPods installation.\" >&2\n    exit 1\nfi\n# This output is used by Xcode 'outputs' to avoid re-running this script phase.\necho \"SUCCESS\" > \"${SCRIPT_OUTPUT_FILE_0}\"\n";
			showEnvVarsInLog = 0;
		};
/* End PBXShellScriptBuildPhase section */

/* Begin PBXSourcesBuildPhase section */
		E54B97391FD184640075706C /* Sources */ = {
			isa = PBXSourcesBuildPhase;
			buildActionMask = 2147483647;
			files = (
				E5935FEE20EA65BC00D679B6 /* ProfileVC.swift in Sources */,
				E50308FF20E2A26300B3EE1C /* CSLogButton.swift in Sources */,
				E5935FEC20EA5E0C00D679B6 /* SideBarVC.swift in Sources */,
				E5222E6620FCCD1C006FADC3 /* Utils.swift in Sources */,
				E5CF24691FD19FF000910C8A /* MemoCell.swift in Sources */,
				E5CF246B1FD1A06400910C8A /* MemoData.swift in Sources */,
				E54B97491FD184640075706C /* MyMemory.xcdatamodeld in Sources */,
				E5CF24651FD19FBF00910C8A /* MemoFormVC.swift in Sources */,
				E5CF24671FD19FD800910C8A /* MemoReadVC.swift in Sources */,
				E54B97431FD184640075706C /* ViewController.swift in Sources */,
				E5222E6A20FCD234006FADC3 /* TutorialMasterVC.swift in Sources */,
				E57AAB212114BBCE00DD65A8 /* MemoDAO.swift in Sources */,
				E5935FD820EA580100D679B6 /* SWRevealViewController.m in Sources */,
				E5CF245F1FD19F2700910C8A /* MemoListVC.swift in Sources */,
				E53C7F102130621D00668F6D /* JoinVC.swift in Sources */,
				E5222E6220FA479C006FADC3 /* UserInfoManager.swift in Sources */,
				E5222E6820FCD080006FADC3 /* TutorialContentsVC.swift in Sources */,
				E54B97411FD184640075706C /* AppDelegate.swift in Sources */,
			);
			runOnlyForDeploymentPostprocessing = 0;
		};
/* End PBXSourcesBuildPhase section */

/* Begin PBXVariantGroup section */
		E54B97441FD184640075706C /* Main.storyboard */ = {
			isa = PBXVariantGroup;
			children = (
				E54B97451FD184640075706C /* Base */,
			);
			name = Main.storyboard;
			sourceTree = "<group>";
		};
		E54B974C1FD184640075706C /* LaunchScreen.storyboard */ = {
			isa = PBXVariantGroup;
			children = (
				E54B974D1FD184640075706C /* Base */,
			);
			name = LaunchScreen.storyboard;
			sourceTree = "<group>";
		};
/* End PBXVariantGroup section */

/* Begin XCBuildConfiguration section */
		E54B97501FD184640075706C /* Debug */ = {
			isa = XCBuildConfiguration;
			buildSettings = {
				ALWAYS_SEARCH_USER_PATHS = NO;
				CLANG_ANALYZER_NONNULL = YES;
				CLANG_ANALYZER_NUMBER_OBJECT_CONVERSION = YES_AGGRESSIVE;
				CLANG_CXX_LANGUAGE_STANDARD = "gnu++14";
				CLANG_CXX_LIBRARY = "libc++";
				CLANG_ENABLE_MODULES = YES;
				CLANG_ENABLE_OBJC_ARC = YES;
				CLANG_WARN_BLOCK_CAPTURE_AUTORELEASING = YES;
				CLANG_WARN_BOOL_CONVERSION = YES;
				CLANG_WARN_COMMA = YES;
				CLANG_WARN_CONSTANT_CONVERSION = YES;
				CLANG_WARN_DIRECT_OBJC_ISA_USAGE = YES_ERROR;
				CLANG_WARN_DOCUMENTATION_COMMENTS = YES;
				CLANG_WARN_EMPTY_BODY = YES;
				CLANG_WARN_ENUM_CONVERSION = YES;
				CLANG_WARN_INFINITE_RECURSION = YES;
				CLANG_WARN_INT_CONVERSION = YES;
				CLANG_WARN_NON_LITERAL_NULL_CONVERSION = YES;
				CLANG_WARN_OBJC_LITERAL_CONVERSION = YES;
				CLANG_WARN_OBJC_ROOT_CLASS = YES_ERROR;
				CLANG_WARN_RANGE_LOOP_ANALYSIS = YES;
				CLANG_WARN_STRICT_PROTOTYPES = YES;
				CLANG_WARN_SUSPICIOUS_MOVE = YES;
				CLANG_WARN_UNGUARDED_AVAILABILITY = YES_AGGRESSIVE;
				CLANG_WARN_UNREACHABLE_CODE = YES;
				CLANG_WARN__DUPLICATE_METHOD_MATCH = YES;
				CODE_SIGN_IDENTITY = "iPhone Developer";
				COPY_PHASE_STRIP = NO;
				DEBUG_INFORMATION_FORMAT = dwarf;
				ENABLE_STRICT_OBJC_MSGSEND = YES;
				ENABLE_TESTABILITY = YES;
				GCC_C_LANGUAGE_STANDARD = gnu11;
				GCC_DYNAMIC_NO_PIC = NO;
				GCC_NO_COMMON_BLOCKS = YES;
				GCC_OPTIMIZATION_LEVEL = 0;
				GCC_PREPROCESSOR_DEFINITIONS = (
					"DEBUG=1",
					"$(inherited)",
				);
				GCC_WARN_64_TO_32_BIT_CONVERSION = YES;
				GCC_WARN_ABOUT_RETURN_TYPE = YES_ERROR;
				GCC_WARN_UNDECLARED_SELECTOR = YES;
				GCC_WARN_UNINITIALIZED_AUTOS = YES_AGGRESSIVE;
				GCC_WARN_UNUSED_FUNCTION = YES;
				GCC_WARN_UNUSED_VARIABLE = YES;
				IPHONEOS_DEPLOYMENT_TARGET = 11.1;
				MTL_ENABLE_DEBUG_INFO = YES;
				ONLY_ACTIVE_ARCH = YES;
				SDKROOT = iphoneos;
				SWIFT_ACTIVE_COMPILATION_CONDITIONS = DEBUG;
				SWIFT_OPTIMIZATION_LEVEL = "-Onone";
			};
			name = Debug;
		};
		E54B97511FD184640075706C /* Release */ = {
			isa = XCBuildConfiguration;
			buildSettings = {
				ALWAYS_SEARCH_USER_PATHS = NO;
				CLANG_ANALYZER_NONNULL = YES;
				CLANG_ANALYZER_NUMBER_OBJECT_CONVERSION = YES_AGGRESSIVE;
				CLANG_CXX_LANGUAGE_STANDARD = "gnu++14";
				CLANG_CXX_LIBRARY = "libc++";
				CLANG_ENABLE_MODULES = YES;
				CLANG_ENABLE_OBJC_ARC = YES;
				CLANG_WARN_BLOCK_CAPTURE_AUTORELEASING = YES;
				CLANG_WARN_BOOL_CONVERSION = YES;
				CLANG_WARN_COMMA = YES;
				CLANG_WARN_CONSTANT_CONVERSION = YES;
				CLANG_WARN_DIRECT_OBJC_ISA_USAGE = YES_ERROR;
				CLANG_WARN_DOCUMENTATION_COMMENTS = YES;
				CLANG_WARN_EMPTY_BODY = YES;
				CLANG_WARN_ENUM_CONVERSION = YES;
				CLANG_WARN_INFINITE_RECURSION = YES;
				CLANG_WARN_INT_CONVERSION = YES;
				CLANG_WARN_NON_LITERAL_NULL_CONVERSION = YES;
				CLANG_WARN_OBJC_LITERAL_CONVERSION = YES;
				CLANG_WARN_OBJC_ROOT_CLASS = YES_ERROR;
				CLANG_WARN_RANGE_LOOP_ANALYSIS = YES;
				CLANG_WARN_STRICT_PROTOTYPES = YES;
				CLANG_WARN_SUSPICIOUS_MOVE = YES;
				CLANG_WARN_UNGUARDED_AVAILABILITY = YES_AGGRESSIVE;
				CLANG_WARN_UNREACHABLE_CODE = YES;
				CLANG_WARN__DUPLICATE_METHOD_MATCH = YES;
				CODE_SIGN_IDENTITY = "iPhone Developer";
				COPY_PHASE_STRIP = NO;
				DEBUG_INFORMATION_FORMAT = "dwarf-with-dsym";
				ENABLE_NS_ASSERTIONS = NO;
				ENABLE_STRICT_OBJC_MSGSEND = YES;
				GCC_C_LANGUAGE_STANDARD = gnu11;
				GCC_NO_COMMON_BLOCKS = YES;
				GCC_WARN_64_TO_32_BIT_CONVERSION = YES;
				GCC_WARN_ABOUT_RETURN_TYPE = YES_ERROR;
				GCC_WARN_UNDECLARED_SELECTOR = YES;
				GCC_WARN_UNINITIALIZED_AUTOS = YES_AGGRESSIVE;
				GCC_WARN_UNUSED_FUNCTION = YES;
				GCC_WARN_UNUSED_VARIABLE = YES;
				IPHONEOS_DEPLOYMENT_TARGET = 11.1;
				MTL_ENABLE_DEBUG_INFO = NO;
				SDKROOT = iphoneos;
				SWIFT_OPTIMIZATION_LEVEL = "-Owholemodule";
				VALIDATE_PRODUCT = YES;
			};
			name = Release;
		};
		E54B97531FD184640075706C /* Debug */ = {
			isa = XCBuildConfiguration;
			baseConfigurationReference = 94FD41FD117D9B91FB3E923E /* Pods-MyMemory.debug.xcconfig */;
			buildSettings = {
				ASSETCATALOG_COMPILER_APPICON_NAME = AppIcon;
				CLANG_ENABLE_MODULES = YES;
				CODE_SIGN_STYLE = Automatic;
				DEVELOPMENT_TEAM = PZUNXT3B4H;
				INFOPLIST_FILE = MyMemory/Info.plist;
				IPHONEOS_DEPLOYMENT_TARGET = 11.1;
				LD_RUNPATH_SEARCH_PATHS = "$(inherited) @executable_path/Frameworks";
				PRODUCT_BUNDLE_IDENTIFIER = com.hwi.MyMemory;
				PRODUCT_NAME = "$(TARGET_NAME)";
				SWIFT_OBJC_BRIDGING_HEADER = "MyMemory/MyMemory-Bridging-Header.h";
				SWIFT_OPTIMIZATION_LEVEL = "-Onone";
				SWIFT_VERSION = 4.0;
				TARGETED_DEVICE_FAMILY = "1,2";
			};
			name = Debug;
		};
		E54B97541FD184640075706C /* Release */ = {
			isa = XCBuildConfiguration;
			baseConfigurationReference = 89C5B219CA8AD8F37E37F6A8 /* Pods-MyMemory.release.xcconfig */;
			buildSettings = {
				ASSETCATALOG_COMPILER_APPICON_NAME = AppIcon;
				CLANG_ENABLE_MODULES = YES;
				CODE_SIGN_STYLE = Automatic;
				DEVELOPMENT_TEAM = PZUNXT3B4H;
				INFOPLIST_FILE = MyMemory/Info.plist;
				IPHONEOS_DEPLOYMENT_TARGET = 11.1;
				LD_RUNPATH_SEARCH_PATHS = "$(inherited) @executable_path/Frameworks";
				PRODUCT_BUNDLE_IDENTIFIER = com.hwi.MyMemory;
				PRODUCT_NAME = "$(TARGET_NAME)";
				SWIFT_OBJC_BRIDGING_HEADER = "MyMemory/MyMemory-Bridging-Header.h";
				SWIFT_VERSION = 4.0;
				TARGETED_DEVICE_FAMILY = "1,2";
			};
			name = Release;
		};
/* End XCBuildConfiguration section */

/* Begin XCConfigurationList section */
		E54B97381FD184640075706C /* Build configuration list for PBXProject "MyMemory" */ = {
			isa = XCConfigurationList;
			buildConfigurations = (
				E54B97501FD184640075706C /* Debug */,
				E54B97511FD184640075706C /* Release */,
			);
			defaultConfigurationIsVisible = 0;
			defaultConfigurationName = Release;
		};
		E54B97521FD184640075706C /* Build configuration list for PBXNativeTarget "MyMemory" */ = {
			isa = XCConfigurationList;
			buildConfigurations = (
				E54B97531FD184640075706C /* Debug */,
				E54B97541FD184640075706C /* Release */,
			);
			defaultConfigurationIsVisible = 0;
			defaultConfigurationName = Release;
		};
/* End XCConfigurationList section */

/* Begin XCVersionGroup section */
		E54B97471FD184640075706C /* MyMemory.xcdatamodeld */ = {
			isa = XCVersionGroup;
			children = (
				E54B97481FD184640075706C /* MyMemory.xcdatamodel */,
			);
			currentVersion = E54B97481FD184640075706C /* MyMemory.xcdatamodel */;
			path = MyMemory.xcdatamodeld;
			sourceTree = "<group>";
			versionGroupType = wrapper.xcdatamodel;
		};
/* End XCVersionGroup section */
	};
	rootObject = E54B97351FD184640075706C /* Project object */;
}
