// !$*UTF8*$!
{
	archiveVersion = 1;
	classes = {
	};
	objectVersion = 46;
	objects = {

/* Begin PBXBuildFile section */
		E516A15A1ED1EF2E00EB7667 /* SecondViewController.swift in Sources */ = {isa = PBXBuildFile; fileRef = E516A1591ED1EF2E00EB7667 /* SecondViewController.swift */; };
		E57F869A1ED1E9B50038C221 /* AppDelegate.swift in Sources */ = {isa = PBXBuildFile; fileRef = E57F86991ED1E9B50038C221 /* AppDelegate.swift */; };
		E57F869C1ED1E9B50038C221 /* ViewController.swift in Sources */ = {isa = PBXBuildFile; fileRef = E57F869B1ED1E9B50038C221 /* ViewController.swift */; };
		E57F869F1ED1E9B50038C221 /* Main.storyboard in Resources */ = {isa = PBXBuildFile; fileRef = E57F869D1ED1E9B50038C221 /* Main.storyboard */; };
		E57F86A11ED1E9B50038C221 /* Assets.xcassets in Resources */ = {isa = PBXBuildFile; fileRef = E57F86A01ED1E9B50038C221 /* Assets.xcassets */; };
		E57F86A41ED1E9B50038C221 /* LaunchScreen.storyboard in Resources */ = {isa = PBXBuildFile; fileRef = E57F86A21ED1E9B50038C221 /* LaunchScreen.storyboard */; };
/* End PBXBuildFile section */

/* Begin PBXFileReference section */
		E516A1591ED1EF2E00EB7667 /* SecondViewController.swift */ = {isa = PBXFileReference; fileEncoding = 4; lastKnownFileType = sourcecode.swift; path = SecondViewController.swift; sourceTree = "<group>"; };
		E57F86961ED1E9B50038C221 /* Scene-Trans02.app */ = {isa = PBXFileReference; explicitFileType = wrapper.application; includeInIndex = 0; path = "Scene-Trans02.app"; sourceTree = BUILT_PRODUCTS_DIR; };
		E57F86991ED1E9B50038C221 /* AppDelegate.swift */ = {isa = PBXFileReference; lastKnownFileType = sourcecode.swift; path = AppDelegate.swift; sourceTree = "<group>"; };
		E57F869B1ED1E9B50038C221 /* ViewController.swift */ = {isa = PBXFileReference; lastKnownFileType = sourcecode.swift; path = ViewController.swift; sourceTree = "<group>"; };
		E57F869E1ED1E9B50038C221 /* Base */ = {isa = PBXFileReference; lastKnownFileType = file.storyboard; name = Base; path = Base.lproj/Main.storyboard; sourceTree = "<group>"; };
		E57F86A01ED1E9B50038C221 /* Assets.xcassets */ = {isa = PBXFileReference; lastKnownFileType = folder.assetcatalog; path = Assets.xcassets; sourceTree = "<group>"; };
		E57F86A31ED1E9B50038C221 /* Base */ = {isa = PBXFileReference; lastKnownFileType = file.storyboard; name = Base; path = Base.lproj/LaunchScreen.storyboard; sourceTree = "<group>"; };
		E57F86A51ED1E9B50038C221 /* Info.plist */ = {isa = PBXFileReference; lastKnownFileType = text.plist.xml; path = Info.plist; sourceTree = "<group>"; };
/* End PBXFileReference section */

/* Begin PBXFrameworksBuildPhase section */
		E57F86931ED1E9B50038C221 /* Frameworks */ = {
			isa = PBXFrameworksBuildPhase;
			buildActionMask = 2147483647;
			files = (
			);
			runOnlyForDeploymentPostprocessing = 0;
		};
/* End PBXFrameworksBuildPhase section */

/* Begin PBXGroup section */
		E57F868D1ED1E9B50038C221 = {
			isa = PBXGroup;
			children = (
				E57F86981ED1E9B50038C221 /* Scene-Trans02 */,
				E57F86971ED1E9B50038C221 /* Products */,
			);
			sourceTree = "<group>";
		};
		E57F86971ED1E9B50038C221 /* Products */ = {
			isa = PBXGroup;
			children = (
				E57F86961ED1E9B50038C221 /* Scene-Trans02.app */,
			);
			name = Products;
			sourceTree = "<group>";
		};
		E57F86981ED1E9B50038C221 /* Scene-Trans02 */ = {
			isa = PBXGroup;
			children = (
				E57F86991ED1E9B50038C221 /* AppDelegate.swift */,
				E57F869B1ED1E9B50038C221 /* ViewController.swift */,
				E516A1591ED1EF2E00EB7667 /* SecondViewController.swift */,
				E57F869D1ED1E9B50038C221 /* Main.storyboard */,
				E57F86A01ED1E9B50038C221 /* Assets.xcassets */,
				E57F86A21ED1E9B50038C221 /* LaunchScreen.storyboard */,
				E57F86A51ED1E9B50038C221 /* Info.plist */,
			);
			path = "Scene-Trans02";
			sourceTree = "<group>";
		};
/* End PBXGroup section */

/* Begin PBXNativeTarget section */
		E57F86951ED1E9B50038C221 /* Scene-Trans02 */ = {
			isa = PBXNativeTarget;
			buildConfigurationList = E57F86A81ED1E9B50038C221 /* Build configuration list for PBXNativeTarget "Scene-Trans02" */;
			buildPhases = (
				E57F86921ED1E9B50038C221 /* Sources */,
				E57F86931ED1E9B50038C221 /* Frameworks */,
				E57F86941ED1E9B50038C221 /* Resources */,
			);
			buildRules = (
			);
			dependencies = (
			);
			name = "Scene-Trans02";
			productName = "Scene-Trans02";
			productReference = E57F86961ED1E9B50038C221 /* Scene-Trans02.app */;
			productType = "com.apple.product-type.application";
		};
/* End PBXNativeTarget section */

/* Begin PBXProject section */
		E57F868E1ED1E9B50038C221 /* Project object */ = {
			isa = PBXProject;
			attributes = {
				LastSwiftUpdateCheck = 0820;
				LastUpgradeCheck = 0820;
				ORGANIZATIONNAME = "Jonghwi Lee";
				TargetAttributes = {
					E57F86951ED1E9B50038C221 = {
						CreatedOnToolsVersion = 8.2.1;
						DevelopmentTeam = PZUNXT3B4H;
						ProvisioningStyle = Automatic;
					};
				};
			};
			buildConfigurationList = E57F86911ED1E9B50038C221 /* Build configuration list for PBXProject "Scene-Trans02" */;
			compatibilityVersion = "Xcode 3.2";
			developmentRegion = English;
			hasScannedForEncodings = 0;
			knownRegions = (
				en,
				Base,
			);
			mainGroup = E57F868D1ED1E9B50038C221;
			productRefGroup = E57F86971ED1E9B50038C221 /* Products */;
			projectDirPath = "";
			projectRoot = "";
			targets = (
				E57F86951ED1E9B50038C221 /* Scene-Trans02 */,
			);
		};
/* End PBXProject section */

/* Begin PBXResourcesBuildPhase section */
		E57F86941ED1E9B50038C221 /* Resources */ = {
			isa = PBXResourcesBuildPhase;
			buildActionMask = 2147483647;
			files = (
				E57F86A41ED1E9B50038C221 /* LaunchScreen.storyboard in Resources */,
				E57F86A11ED1E9B50038C221 /* Assets.xcassets in Resources */,
				E57F869F1ED1E9B50038C221 /* Main.storyboard in Resources */,
			);
			runOnlyForDeploymentPostprocessing = 0;
		};
/* End PBXResourcesBuildPhase section */

/* Begin PBXSourcesBuildPhase section */
		E57F86921ED1E9B50038C221 /* Sources */ = {
			isa = PBXSourcesBuildPhase;
			buildActionMask = 2147483647;
			files = (
				E516A15A1ED1EF2E00EB7667 /* SecondViewController.swift in Sources */,
				E57F869C1ED1E9B50038C221 /* ViewController.swift in Sources */,
				E57F869A1ED1E9B50038C221 /* AppDelegate.swift in Sources */,
			);
			runOnlyForDeploymentPostprocessing = 0;
		};
/* End PBXSourcesBuildPhase section */

/* Begin PBXVariantGroup section */
		E57F869D1ED1E9B50038C221 /* Main.storyboard */ = {
			isa = PBXVariantGroup;
			children = (
				E57F869E1ED1E9B50038C221 /* Base */,
			);
			name = Main.storyboard;
			sourceTree = "<group>";
		};
		E57F86A21ED1E9B50038C221 /* LaunchScreen.storyboard */ = {
			isa = PBXVariantGroup;
			children = (
				E57F86A31ED1E9B50038C221 /* Base */,
			);
			name = LaunchScreen.storyboard;
			sourceTree = "<group>";
		};
/* End PBXVariantGroup section */

/* Begin XCBuildConfiguration section */
		E57F86A61ED1E9B50038C221 /* Debug */ = {
			isa = XCBuildConfiguration;
			buildSettings = {
				ALWAYS_SEARCH_USER_PATHS = NO;
				CLANG_ANALYZER_NONNULL = YES;
				CLANG_CXX_LANGUAGE_STANDARD = "gnu++0x";
				CLANG_CXX_LIBRARY = "libc++";
				CLANG_ENABLE_MODULES = YES;
				CLANG_ENABLE_OBJC_ARC = YES;
				CLANG_WARN_BOOL_CONVERSION = YES;
				CLANG_WARN_CONSTANT_CONVERSION = YES;
				CLANG_WARN_DIRECT_OBJC_ISA_USAGE = YES_ERROR;
				CLANG_WARN_DOCUMENTATION_COMMENTS = YES;
				CLANG_WARN_EMPTY_BODY = YES;
				CLANG_WARN_ENUM_CONVERSION = YES;
				CLANG_WARN_INFINITE_RECURSION = YES;
				CLANG_WARN_INT_CONVERSION = YES;
				CLANG_WARN_OBJC_ROOT_CLASS = YES_ERROR;
				CLANG_WARN_SUSPICIOUS_MOVE = YES;
				CLANG_WARN_UNREACHABLE_CODE = YES;
				CLANG_WARN__DUPLICATE_METHOD_MATCH = YES;
				"CODE_SIGN_IDENTITY[sdk=iphoneos*]" = "iPhone Developer";
				COPY_PHASE_STRIP = NO;
				DEBUG_INFORMATION_FORMAT = dwarf;
				ENABLE_STRICT_OBJC_MSGSEND = YES;
				ENABLE_TESTABILITY = YES;
				GCC_C_LANGUAGE_STANDARD = gnu99;
				GCC_DYNAMIC_NO_PIC = NO;
				GCC_NO_COMMON_BLOCKS = YES;
				GCC_OPTIMIZATION_LEVEL = 0;
				GCC_PREPROCESSOR_DEFINITIONS = (
					"DEBUG=1",
					"$(inherited)",
				);
				GCC_WARN_64_TO_32_BIT_CONVERSION = YES;
				GCC_WARN_ABOUT_RETURN_TYPE = YES_ERROR;
				GCC_WARN_UNDECLARED_SELECTOR = YES;
				GCC_WARN_UNINITIALIZED_AUTOS = YES_AGGRESSIVE;
				GCC_WARN_UNUSED_FUNCTION = YES;
				GCC_WARN_UNUSED_VARIABLE = YES;
				IPHONEOS_DEPLOYMENT_TARGET = 10.2;
				MTL_ENABLE_DEBUG_INFO = YES;
				ONLY_ACTIVE_ARCH = YES;
				SDKROOT = iphoneos;
				SWIFT_ACTIVE_COMPILATION_CONDITIONS = DEBUG;
				SWIFT_OPTIMIZATION_LEVEL = "-Onone";
			};
			name = Debug;
		};
		E57F86A71ED1E9B50038C221 /* Release */ = {
			isa = XCBuildConfiguration;
			buildSettings = {
				ALWAYS_SEARCH_USER_PATHS = NO;
				CLANG_ANALYZER_NONNULL = YES;
				CLANG_CXX_LANGUAGE_STANDARD = "gnu++0x";
				CLANG_CXX_LIBRARY = "libc++";
				CLANG_ENABLE_MODULES = YES;
				CLANG_ENABLE_OBJC_ARC = YES;
				CLANG_WARN_BOOL_CONVERSION = YES;
				CLANG_WARN_CONSTANT_CONVERSION = YES;
				CLANG_WARN_DIRECT_OBJC_ISA_USAGE = YES_ERROR;
				CLANG_WARN_DOCUMENTATION_COMMENTS = YES;
				CLANG_WARN_EMPTY_BODY = YES;
				CLANG_WARN_ENUM_CONVERSION = YES;
				CLANG_WARN_INFINITE_RECURSION = YES;
				CLANG_WARN_INT_CONVERSION = YES;
				CLANG_WARN_OBJC_ROOT_CLASS = YES_ERROR;
				CLANG_WARN_SUSPICIOUS_MOVE = YES;
				CLANG_WARN_UNREACHABLE_CODE = YES;
				CLANG_WARN__DUPLICATE_METHOD_MATCH = YES;
				"CODE_SIGN_IDENTITY[sdk=iphoneos*]" = "iPhone Developer";
				COPY_PHASE_STRIP = NO;
				DEBUG_INFORMATION_FORMAT = "dwarf-with-dsym";
				ENABLE_NS_ASSERTIONS = NO;
				ENABLE_STRICT_OBJC_MSGSEND = YES;
				GCC_C_LANGUAGE_STANDARD = gnu99;
				GCC_NO_COMMON_BLOCKS = YES;
				GCC_WARN_64_TO_32_BIT_CONVERSION = YES;
				GCC_WARN_ABOUT_RETURN_TYPE = YES_ERROR;
				GCC_WARN_UNDECLARED_SELECTOR = YES;
				GCC_WARN_UNINITIALIZED_AUTOS = YES_AGGRESSIVE;
				GCC_WARN_UNUSED_FUNCTION = YES;
				GCC_WARN_UNUSED_VARIABLE = YES;
				IPHONEOS_DEPLOYMENT_TARGET = 10.2;
				MTL_ENABLE_DEBUG_INFO = NO;
				SDKROOT = iphoneos;
				SWIFT_OPTIMIZATION_LEVEL = "-Owholemodule";
				VALIDATE_PRODUCT = YES;
			};
			name = Release;
		};
		E57F86A91ED1E9B50038C221 /* Debug */ = {
			isa = XCBuildConfiguration;
			buildSettings = {
				ASSETCATALOG_COMPILER_APPICON_NAME = AppIcon;
				DEVELOPMENT_TEAM = PZUNXT3B4H;
				INFOPLIST_FILE = "Scene-Trans02/Info.plist";
				LD_RUNPATH_SEARCH_PATHS = "$(inherited) @executable_path/Frameworks";
				PRODUCT_BUNDLE_IDENTIFIER = "com.hwi.Scene-Trans02";
				PRODUCT_NAME = "$(TARGET_NAME)";
				SWIFT_VERSION = 3.0;
			};
			name = Debug;
		};
		E57F86AA1ED1E9B50038C221 /* Release */ = {
			isa = XCBuildConfiguration;
			buildSettings = {
				ASSETCATALOG_COMPILER_APPICON_NAME = AppIcon;
				DEVELOPMENT_TEAM = PZUNXT3B4H;
				INFOPLIST_FILE = "Scene-Trans02/Info.plist";
				LD_RUNPATH_SEARCH_PATHS = "$(inherited) @executable_path/Frameworks";
				PRODUCT_BUNDLE_IDENTIFIER = "com.hwi.Scene-Trans02";
				PRODUCT_NAME = "$(TARGET_NAME)";
				SWIFT_VERSION = 3.0;
			};
			name = Release;
		};
/* End XCBuildConfiguration section */

/* Begin XCConfigurationList section */
		E57F86911ED1E9B50038C221 /* Build configuration list for PBXProject "Scene-Trans02" */ = {
			isa = XCConfigurationList;
			buildConfigurations = (
				E57F86A61ED1E9B50038C221 /* Debug */,
				E57F86A71ED1E9B50038C221 /* Release */,
			);
			defaultConfigurationIsVisible = 0;
			defaultConfigurationName = Release;
		};
		E57F86A81ED1E9B50038C221 /* Build configuration list for PBXNativeTarget "Scene-Trans02" */ = {
			isa = XCConfigurationList;
			buildConfigurations = (
				E57F86A91ED1E9B50038C221 /* Debug */,
				E57F86AA1ED1E9B50038C221 /* Release */,
			);
			defaultConfigurationIsVisible = 0;
			defaultConfigurationName = Release;
		};
/* End XCConfigurationList section */
	};
	rootObject = E57F868E1ED1E9B50038C221 /* Project object */;
}
